
Microsoft Visual Studio Solution File, Format Version 12.00
# Visual Studio Version 16
VisualStudioVersion = 16.0.30204.135
MinimumVisualStudioVersion = 10.0.40219.1
Project("{9A19103F-16F7-4668-BE54-9A1E7A4F7556}") = "Potter.Characters.Domain", "src\Potter.Characters.Domain\Potter.Characters.Domain.csproj", "{F63DC9E7-8223-4275-90C4-5640176C8B05}"
EndProject
Project("{9A19103F-16F7-4668-BE54-9A1E7A4F7556}") = "Potter.Characters.Infra", "src\Potter.Characters.Infra\Potter.Characters.Infra.csproj", "{941F108D-0B09-4385-A1A9-6636C28384A5}"
EndProject
Project("{9A19103F-16F7-4668-BE54-9A1E7A4F7556}") = "Potter.Characters.Api", "src\Potter.Characters.Api\Potter.Characters.Api.csproj", "{9A0CAA8A-5F76-4DBC-858E-67B8D6F88DEE}"
EndProject
Project("{9A19103F-16F7-4668-BE54-9A1E7A4F7556}") = "Potter.Characters.Application", "src\Potter.Characters.Application\Potter.Characters.Application.csproj", "{FBF96936-2FEB-41DE-A58A-8A718092E96D}"
EndProject
Project("{9A19103F-16F7-4668-BE54-9A1E7A4F7556}") = "Potter.Characters.Utils", "src\Potter.Characters.Utils\Potter.Characters.Utils.csproj", "{6E2BE67F-E4BC-4AF0-B85B-16991538F8F0}"
EndProject
Project("{FAE04EC0-301F-11D3-BF4B-00C04F79EFBC}") = "Potter.Characters.IntegrationService", "src\Potter.Characters.IntegrationService\Potter.Characters.IntegrationService.csproj", "{1EC1CE07-8D48-4D78-9299-4103D0E98BC6}"
EndProject
Global
	GlobalSection(SolutionConfigurationPlatforms) = preSolution
		Debug|Any CPU = Debug|Any CPU
		Release|Any CPU = Release|Any CPU
	EndGlobalSection
	GlobalSection(ProjectConfigurationPlatforms) = postSolution
		{F63DC9E7-8223-4275-90C4-5640176C8B05}.Debug|Any CPU.ActiveCfg = Debug|Any CPU
		{F63DC9E7-8223-4275-90C4-5640176C8B05}.Debug|Any CPU.Build.0 = Debug|Any CPU
		{F63DC9E7-8223-4275-90C4-5640176C8B05}.Release|Any CPU.ActiveCfg = Release|Any CPU
		{F63DC9E7-8223-4275-90C4-5640176C8B05}.Release|Any CPU.Build.0 = Release|Any CPU
		{941F108D-0B09-4385-A1A9-6636C28384A5}.Debug|Any CPU.ActiveCfg = Debug|Any CPU
		{941F108D-0B09-4385-A1A9-6636C28384A5}.Debug|Any CPU.Build.0 = Debug|Any CPU
		{941F108D-0B09-4385-A1A9-6636C28384A5}.Release|Any CPU.ActiveCfg = Release|Any CPU
		{941F108D-0B09-4385-A1A9-6636C28384A5}.Release|Any CPU.Build.0 = Release|Any CPU
		{9A0CAA8A-5F76-4DBC-858E-67B8D6F88DEE}.Debug|Any CPU.ActiveCfg = Debug|Any CPU
		{9A0CAA8A-5F76-4DBC-858E-67B8D6F88DEE}.Debug|Any CPU.Build.0 = Debug|Any CPU
		{9A0CAA8A-5F76-4DBC-858E-67B8D6F88DEE}.Release|Any CPU.ActiveCfg = Release|Any CPU
		{9A0CAA8A-5F76-4DBC-858E-67B8D6F88DEE}.Release|Any CPU.Build.0 = Release|Any CPU
		{FBF96936-2FEB-41DE-A58A-8A718092E96D}.Debug|Any CPU.ActiveCfg = Debug|Any CPU
		{FBF96936-2FEB-41DE-A58A-8A718092E96D}.Debug|Any CPU.Build.0 = Debug|Any CPU
		{FBF96936-2FEB-41DE-A58A-8A718092E96D}.Release|Any CPU.ActiveCfg = Release|Any CPU
		{FBF96936-2FEB-41DE-A58A-8A718092E96D}.Release|Any CPU.Build.0 = Release|Any CPU
		{6E2BE67F-E4BC-4AF0-B85B-16991538F8F0}.Debug|Any CPU.ActiveCfg = Debug|Any CPU
		{6E2BE67F-E4BC-4AF0-B85B-16991538F8F0}.Debug|Any CPU.Build.0 = Debug|Any CPU
		{6E2BE67F-E4BC-4AF0-B85B-16991538F8F0}.Release|Any CPU.ActiveCfg = Release|Any CPU
		{6E2BE67F-E4BC-4AF0-B85B-16991538F8F0}.Release|Any CPU.Build.0 = Release|Any CPU
		{1EC1CE07-8D48-4D78-9299-4103D0E98BC6}.Debug|Any CPU.ActiveCfg = Debug|Any CPU
		{1EC1CE07-8D48-4D78-9299-4103D0E98BC6}.Debug|Any CPU.Build.0 = Debug|Any CPU
		{1EC1CE07-8D48-4D78-9299-4103D0E98BC6}.Release|Any CPU.ActiveCfg = Release|Any CPU
		{1EC1CE07-8D48-4D78-9299-4103D0E98BC6}.Release|Any CPU.Build.0 = Release|Any CPU
	EndGlobalSection
	GlobalSection(SolutionProperties) = preSolution
		HideSolutionNode = FALSE
	EndGlobalSection
	GlobalSection(ExtensibilityGlobals) = postSolution
		SolutionGuid = {AE24BE14-F3DC-4BF1-922A-EE5754F7A4C4}
	EndGlobalSection
EndGlobal
